
Microsoft Visual Studio Solution File, Format Version 12.00
# Visual Studio Version 16
VisualStudioVersion = 16.0.30204.135
MinimumVisualStudioVersion = 10.0.40219.1
Project("{FAE04EC0-301F-11D3-BF4B-00C04F79EFBC}") = "WebApplication14", "WebApplication14\WebApplication14.csproj", "{A3C353DB-0E06-4F6F-B0FD-7DAACC53908B}"
EndProject
Global
	GlobalSection(SolutionConfigurationPlatforms) = preSolution
		Debug|Any CPU = Debug|Any CPU
		Release|Any CPU = Release|Any CPU
	EndGlobalSection
	GlobalSection(ProjectConfigurationPlatforms) = postSolution
		{A3C353DB-0E06-4F6F-B0FD-7DAACC53908B}.Debug|Any CPU.ActiveCfg = Debug|Any CPU
		{A3C353DB-0E06-4F6F-B0FD-7DAACC53908B}.Debug|Any CPU.Build.0 = Debug|Any CPU
		{A3C353DB-0E06-4F6F-B0FD-7DAACC53908B}.Release|Any CPU.ActiveCfg = Release|Any CPU
		{A3C353DB-0E06-4F6F-B0FD-7DAACC53908B}.Release|Any CPU.Build.0 = Release|Any CPU
	EndGlobalSection
	GlobalSection(SolutionProperties) = preSolution
		HideSolutionNode = FALSE
	EndGlobalSection
	GlobalSection(ExtensibilityGlobals) = postSolution
		SolutionGuid = {2038AFA7-FF8F-40D9-A01B-4F2A78FD9EC9}
	EndGlobalSection
EndGlobal
